<Solution>
  <Project Path="Equillibrium.API/Equillibrium.API.csproj" />
  <Project Path="Equillibrium.Application/Equillibrium.Application.csproj" />
  <Project Path="Equillibrium.Core/Equillibrium.Core.csproj" />
  <Project Path="Equillibrium.Infrastructure/Equillibrium.Infrastructure.csproj" />
  <Project Path="Equillibrium.Manufacturing/Equillibrium.Manufacturing.csproj" />
</Solution>
